// !$*UTF8*$!
{
	archiveVersion = 1;
	classes = {
	};
	objectVersion = 56;
	objects = {

/* Begin PBXBuildFile section */
		78817E412C09CA9C0014A662 /* AppDelegate.swift in Sources */ = {isa = PBXBuildFile; fileRef = 78817E402C09CA9C0014A662 /* AppDelegate.swift */; };
		78817E452C09CA9C0014A662 /* MapViewController.swift in Sources */ = {isa = PBXBuildFile; fileRef = 78817E442C09CA9C0014A662 /* MapViewController.swift */; };
		78817E4A2C09CA9D0014A662 /* Assets.xcassets in Resources */ = {isa = PBXBuildFile; fileRef = 78817E492C09CA9D0014A662 /* Assets.xcassets */; };
		78817E4D2C09CA9D0014A662 /* LaunchScreen.storyboard in Resources */ = {isa = PBXBuildFile; fileRef = 78817E4B2C09CA9D0014A662 /* LaunchScreen.storyboard */; };
		78817E582C09CC0F0014A662 /* MapViewModel.swift in Sources */ = {isa = PBXBuildFile; fileRef = 78817E572C09CC0F0014A662 /* MapViewModel.swift */; };
		78817E5B2C09CD5E0014A662 /* SnapKit in Frameworks */ = {isa = PBXBuildFile; productRef = 78817E5A2C09CD5E0014A662 /* SnapKit */; };
		78CA8AC92C0A31B3004D2169 /* LocationModel.xcdatamodeld in Sources */ = {isa = PBXBuildFile; fileRef = 78CA8AC72C0A31B3004D2169 /* LocationModel.xcdatamodeld */; };
		78CA8AD02C0A320F004D2169 /* PLocation+CoreDataClass.swift in Sources */ = {isa = PBXBuildFile; fileRef = 78CA8ACE2C0A320F004D2169 /* PLocation+CoreDataClass.swift */; };
		78CA8AD12C0A320F004D2169 /* PLocation+CoreDataProperties.swift in Sources */ = {isa = PBXBuildFile; fileRef = 78CA8ACF2C0A320F004D2169 /* PLocation+CoreDataProperties.swift */; };
		78CA8AD42C0A3443004D2169 /* CoreDataManager.swift in Sources */ = {isa = PBXBuildFile; fileRef = 78CA8AD32C0A3443004D2169 /* CoreDataManager.swift */; };
		78CA8AEC2C0A56C5004D2169 /* DispatchQueue+Extensions.swift in Sources */ = {isa = PBXBuildFile; fileRef = 78CA8AEB2C0A56C5004D2169 /* DispatchQueue+Extensions.swift */; };
		78CA8AEF2C0A573E004D2169 /* CustomMapView.swift in Sources */ = {isa = PBXBuildFile; fileRef = 78CA8AEE2C0A573E004D2169 /* CustomMapView.swift */; };
		78CA8AF12C0A593F004D2169 /* LocationButton.swift in Sources */ = {isa = PBXBuildFile; fileRef = 78CA8AF02C0A593F004D2169 /* LocationButton.swift */; };
/* End PBXBuildFile section */

/* Begin PBXFileReference section */
		78817E3D2C09CA9C0014A662 /* LocationTrackerCase.app */ = {isa = PBXFileReference; explicitFileType = wrapper.application; includeInIndex = 0; path = LocationTrackerCase.app; sourceTree = BUILT_PRODUCTS_DIR; };
		78817E402C09CA9C0014A662 /* AppDelegate.swift */ = {isa = PBXFileReference; lastKnownFileType = sourcecode.swift; path = AppDelegate.swift; sourceTree = "<group>"; };
		78817E442C09CA9C0014A662 /* MapViewController.swift */ = {isa = PBXFileReference; lastKnownFileType = sourcecode.swift; path = MapViewController.swift; sourceTree = "<group>"; };
		78817E492C09CA9D0014A662 /* Assets.xcassets */ = {isa = PBXFileReference; lastKnownFileType = folder.assetcatalog; path = Assets.xcassets; sourceTree = "<group>"; };
		78817E4C2C09CA9D0014A662 /* Base */ = {isa = PBXFileReference; lastKnownFileType = file.storyboard; name = Base; path = Base.lproj/LaunchScreen.storyboard; sourceTree = "<group>"; };
		78817E4E2C09CA9D0014A662 /* Info.plist */ = {isa = PBXFileReference; lastKnownFileType = text.plist.xml; path = Info.plist; sourceTree = "<group>"; };
		78817E572C09CC0F0014A662 /* MapViewModel.swift */ = {isa = PBXFileReference; lastKnownFileType = sourcecode.swift; path = MapViewModel.swift; sourceTree = "<group>"; };
		78CA8AC82C0A31B3004D2169 /* LocationModel.xcdatamodel */ = {isa = PBXFileReference; lastKnownFileType = wrapper.xcdatamodel; path = LocationModel.xcdatamodel; sourceTree = "<group>"; };
		78CA8ACE2C0A320F004D2169 /* PLocation+CoreDataClass.swift */ = {isa = PBXFileReference; lastKnownFileType = sourcecode.swift; path = "PLocation+CoreDataClass.swift"; sourceTree = "<group>"; };
		78CA8ACF2C0A320F004D2169 /* PLocation+CoreDataProperties.swift */ = {isa = PBXFileReference; lastKnownFileType = sourcecode.swift; path = "PLocation+CoreDataProperties.swift"; sourceTree = "<group>"; };
		78CA8AD32C0A3443004D2169 /* CoreDataManager.swift */ = {isa = PBXFileReference; lastKnownFileType = sourcecode.swift; path = CoreDataManager.swift; sourceTree = "<group>"; };
		78CA8AEB2C0A56C5004D2169 /* DispatchQueue+Extensions.swift */ = {isa = PBXFileReference; lastKnownFileType = sourcecode.swift; path = "DispatchQueue+Extensions.swift"; sourceTree = "<group>"; };
		78CA8AEE2C0A573E004D2169 /* CustomMapView.swift */ = {isa = PBXFileReference; lastKnownFileType = sourcecode.swift; path = CustomMapView.swift; sourceTree = "<group>"; };
		78CA8AF02C0A593F004D2169 /* LocationButton.swift */ = {isa = PBXFileReference; lastKnownFileType = sourcecode.swift; path = LocationButton.swift; sourceTree = "<group>"; };
/* End PBXFileReference section */

/* Begin PBXFrameworksBuildPhase section */
		78817E3A2C09CA9C0014A662 /* Frameworks */ = {
			isa = PBXFrameworksBuildPhase;
			buildActionMask = 2147483647;
			files = (
				78817E5B2C09CD5E0014A662 /* SnapKit in Frameworks */,
			);
			runOnlyForDeploymentPostprocessing = 0;
		};
/* End PBXFrameworksBuildPhase section */

/* Begin PBXGroup section */
		78817E342C09CA9C0014A662 = {
			isa = PBXGroup;
			children = (
				78817E3F2C09CA9C0014A662 /* LocationTrackerCase */,
				78817E3E2C09CA9C0014A662 /* Products */,
			);
			sourceTree = "<group>";
		};
		78817E3E2C09CA9C0014A662 /* Products */ = {
			isa = PBXGroup;
			children = (
				78817E3D2C09CA9C0014A662 /* LocationTrackerCase.app */,
			);
			name = Products;
			sourceTree = "<group>";
		};
		78817E3F2C09CA9C0014A662 /* LocationTrackerCase */ = {
			isa = PBXGroup;
			children = (
				78CA8AEA2C0A56BA004D2169 /* Extensions */,
				78CA8ACB2C0A31EA004D2169 /* CoreData */,
				78817E5E2C09CE580014A662 /* Helpers */,
				78817E542C09CBF40014A662 /* Screens */,
				78817E402C09CA9C0014A662 /* AppDelegate.swift */,
				78817E492C09CA9D0014A662 /* Assets.xcassets */,
				78817E4B2C09CA9D0014A662 /* LaunchScreen.storyboard */,
				78817E4E2C09CA9D0014A662 /* Info.plist */,
				78CA8AC72C0A31B3004D2169 /* LocationModel.xcdatamodeld */,
			);
			path = LocationTrackerCase;
			sourceTree = "<group>";
		};
		78817E542C09CBF40014A662 /* Screens */ = {
			isa = PBXGroup;
			children = (
				78817E552C09CBF80014A662 /* Map */,
			);
			path = Screens;
			sourceTree = "<group>";
		};
		78817E552C09CBF80014A662 /* Map */ = {
			isa = PBXGroup;
			children = (
				78CA8AED2C0A5734004D2169 /* CustomViews */,
				78817E442C09CA9C0014A662 /* MapViewController.swift */,
				78817E572C09CC0F0014A662 /* MapViewModel.swift */,
			);
			path = Map;
			sourceTree = "<group>";
		};
		78817E5E2C09CE580014A662 /* Helpers */ = {
			isa = PBXGroup;
			children = (
			);
			path = Helpers;
			sourceTree = "<group>";
		};
		78CA8ACB2C0A31EA004D2169 /* CoreData */ = {
			isa = PBXGroup;
			children = (
				78CA8ACD2C0A31F0004D2169 /* Models */,
				78CA8ACC2C0A31EC004D2169 /* Managers */,
			);
			path = CoreData;
			sourceTree = "<group>";
		};
		78CA8ACC2C0A31EC004D2169 /* Managers */ = {
			isa = PBXGroup;
			children = (
				78CA8AD32C0A3443004D2169 /* CoreDataManager.swift */,
			);
			path = Managers;
			sourceTree = "<group>";
		};
		78CA8ACD2C0A31F0004D2169 /* Models */ = {
			isa = PBXGroup;
			children = (
				78CA8ACE2C0A320F004D2169 /* PLocation+CoreDataClass.swift */,
				78CA8ACF2C0A320F004D2169 /* PLocation+CoreDataProperties.swift */,
			);
			path = Models;
			sourceTree = "<group>";
		};
		78CA8AEA2C0A56BA004D2169 /* Extensions */ = {
			isa = PBXGroup;
			children = (
				78CA8AEB2C0A56C5004D2169 /* DispatchQueue+Extensions.swift */,
			);
			path = Extensions;
			sourceTree = "<group>";
		};
		78CA8AED2C0A5734004D2169 /* CustomViews */ = {
			isa = PBXGroup;
			children = (
				78CA8AEE2C0A573E004D2169 /* CustomMapView.swift */,
				78CA8AF02C0A593F004D2169 /* LocationButton.swift */,
			);
			path = CustomViews;
			sourceTree = "<group>";
		};
/* End PBXGroup section */

/* Begin PBXNativeTarget section */
		78817E3C2C09CA9C0014A662 /* LocationTrackerCase */ = {
			isa = PBXNativeTarget;
			buildConfigurationList = 78817E512C09CA9D0014A662 /* Build configuration list for PBXNativeTarget "LocationTrackerCase" */;
			buildPhases = (
				78817E392C09CA9C0014A662 /* Sources */,
				78817E3A2C09CA9C0014A662 /* Frameworks */,
				78817E3B2C09CA9C0014A662 /* Resources */,
			);
			buildRules = (
			);
			dependencies = (
			);
			name = LocationTrackerCase;
			packageProductDependencies = (
				78817E5A2C09CD5E0014A662 /* SnapKit */,
			);
			productName = LocationTrackerCase;
			productReference = 78817E3D2C09CA9C0014A662 /* LocationTrackerCase.app */;
			productType = "com.apple.product-type.application";
		};
/* End PBXNativeTarget section */

/* Begin PBXProject section */
		78817E352C09CA9C0014A662 /* Project object */ = {
			isa = PBXProject;
			attributes = {
				BuildIndependentTargetsInParallel = 1;
				LastSwiftUpdateCheck = 1500;
				LastUpgradeCheck = 1500;
				TargetAttributes = {
					78817E3C2C09CA9C0014A662 = {
						CreatedOnToolsVersion = 15.0.1;
					};
				};
			};
			buildConfigurationList = 78817E382C09CA9C0014A662 /* Build configuration list for PBXProject "LocationTrackerCase" */;
			compatibilityVersion = "Xcode 14.0";
			developmentRegion = en;
			hasScannedForEncodings = 0;
			knownRegions = (
				en,
				Base,
			);
			mainGroup = 78817E342C09CA9C0014A662;
			packageReferences = (
				78817E592C09CD5E0014A662 /* XCRemoteSwiftPackageReference "SnapKit" */,
			);
			productRefGroup = 78817E3E2C09CA9C0014A662 /* Products */;
			projectDirPath = "";
			projectRoot = "";
			targets = (
				78817E3C2C09CA9C0014A662 /* LocationTrackerCase */,
			);
		};
/* End PBXProject section */

/* Begin PBXResourcesBuildPhase section */
		78817E3B2C09CA9C0014A662 /* Resources */ = {
			isa = PBXResourcesBuildPhase;
			buildActionMask = 2147483647;
			files = (
				78817E4D2C09CA9D0014A662 /* LaunchScreen.storyboard in Resources */,
				78817E4A2C09CA9D0014A662 /* Assets.xcassets in Resources */,
			);
			runOnlyForDeploymentPostprocessing = 0;
		};
/* End PBXResourcesBuildPhase section */

/* Begin PBXSourcesBuildPhase section */
		78817E392C09CA9C0014A662 /* Sources */ = {
			isa = PBXSourcesBuildPhase;
			buildActionMask = 2147483647;
			files = (
				78817E452C09CA9C0014A662 /* MapViewController.swift in Sources */,
				78CA8AD02C0A320F004D2169 /* PLocation+CoreDataClass.swift in Sources */,
				78CA8AEC2C0A56C5004D2169 /* DispatchQueue+Extensions.swift in Sources */,
				78CA8AEF2C0A573E004D2169 /* CustomMapView.swift in Sources */,
				78CA8AF12C0A593F004D2169 /* LocationButton.swift in Sources */,
				78CA8AD12C0A320F004D2169 /* PLocation+CoreDataProperties.swift in Sources */,
				78817E412C09CA9C0014A662 /* AppDelegate.swift in Sources */,
				78CA8AC92C0A31B3004D2169 /* LocationModel.xcdatamodeld in Sources */,
				78CA8AD42C0A3443004D2169 /* CoreDataManager.swift in Sources */,
				78817E582C09CC0F0014A662 /* MapViewModel.swift in Sources */,
			);
			runOnlyForDeploymentPostprocessing = 0;
		};
/* End PBXSourcesBuildPhase section */

/* Begin PBXVariantGroup section */
		78817E4B2C09CA9D0014A662 /* LaunchScreen.storyboard */ = {
			isa = PBXVariantGroup;
			children = (
				78817E4C2C09CA9D0014A662 /* Base */,
			);
			name = LaunchScreen.storyboard;
			sourceTree = "<group>";
		};
/* End PBXVariantGroup section */

/* Begin XCBuildConfiguration section */
		78817E4F2C09CA9D0014A662 /* Debug */ = {
			isa = XCBuildConfiguration;
			buildSettings = {
				ALWAYS_SEARCH_USER_PATHS = NO;
				ASSETCATALOG_COMPILER_GENERATE_SWIFT_ASSET_SYMBOL_EXTENSIONS = YES;
				CLANG_ANALYZER_NONNULL = YES;
				CLANG_ANALYZER_NUMBER_OBJECT_CONVERSION = YES_AGGRESSIVE;
				CLANG_CXX_LANGUAGE_STANDARD = "gnu++20";
				CLANG_ENABLE_MODULES = YES;
				CLANG_ENABLE_OBJC_ARC = YES;
				CLANG_ENABLE_OBJC_WEAK = YES;
				CLANG_WARN_BLOCK_CAPTURE_AUTORELEASING = YES;
				CLANG_WARN_BOOL_CONVERSION = YES;
				CLANG_WARN_COMMA = YES;
				CLANG_WARN_CONSTANT_CONVERSION = YES;
				CLANG_WARN_DEPRECATED_OBJC_IMPLEMENTATIONS = YES;
				CLANG_WARN_DIRECT_OBJC_ISA_USAGE = YES_ERROR;
				CLANG_WARN_DOCUMENTATION_COMMENTS = YES;
				CLANG_WARN_EMPTY_BODY = YES;
				CLANG_WARN_ENUM_CONVERSION = YES;
				CLANG_WARN_INFINITE_RECURSION = YES;
				CLANG_WARN_INT_CONVERSION = YES;
				CLANG_WARN_NON_LITERAL_NULL_CONVERSION = YES;
				CLANG_WARN_OBJC_IMPLICIT_RETAIN_SELF = YES;
				CLANG_WARN_OBJC_LITERAL_CONVERSION = YES;
				CLANG_WARN_OBJC_ROOT_CLASS = YES_ERROR;
				CLANG_WARN_QUOTED_INCLUDE_IN_FRAMEWORK_HEADER = YES;
				CLANG_WARN_RANGE_LOOP_ANALYSIS = YES;
				CLANG_WARN_STRICT_PROTOTYPES = YES;
				CLANG_WARN_SUSPICIOUS_MOVE = YES;
				CLANG_WARN_UNGUARDED_AVAILABILITY = YES_AGGRESSIVE;
				CLANG_WARN_UNREACHABLE_CODE = YES;
				CLANG_WARN__DUPLICATE_METHOD_MATCH = YES;
				COPY_PHASE_STRIP = NO;
				DEBUG_INFORMATION_FORMAT = dwarf;
				ENABLE_STRICT_OBJC_MSGSEND = YES;
				ENABLE_TESTABILITY = YES;
				ENABLE_USER_SCRIPT_SANDBOXING = YES;
				GCC_C_LANGUAGE_STANDARD = gnu17;
				GCC_DYNAMIC_NO_PIC = NO;
				GCC_NO_COMMON_BLOCKS = YES;
				GCC_OPTIMIZATION_LEVEL = 0;
				GCC_PREPROCESSOR_DEFINITIONS = (
					"DEBUG=1",
					"$(inherited)",
				);
				GCC_WARN_64_TO_32_BIT_CONVERSION = YES;
				GCC_WARN_ABOUT_RETURN_TYPE = YES_ERROR;
				GCC_WARN_UNDECLARED_SELECTOR = YES;
				GCC_WARN_UNINITIALIZED_AUTOS = YES_AGGRESSIVE;
				GCC_WARN_UNUSED_FUNCTION = YES;
				GCC_WARN_UNUSED_VARIABLE = YES;
				IPHONEOS_DEPLOYMENT_TARGET = 17.0;
				LOCALIZATION_PREFERS_STRING_CATALOGS = YES;
				MTL_ENABLE_DEBUG_INFO = INCLUDE_SOURCE;
				MTL_FAST_MATH = YES;
				ONLY_ACTIVE_ARCH = YES;
				SDKROOT = iphoneos;
				SWIFT_ACTIVE_COMPILATION_CONDITIONS = "DEBUG $(inherited)";
				SWIFT_OPTIMIZATION_LEVEL = "-Onone";
			};
			name = Debug;
		};
		78817E502C09CA9D0014A662 /* Release */ = {
			isa = XCBuildConfiguration;
			buildSettings = {
				ALWAYS_SEARCH_USER_PATHS = NO;
				ASSETCATALOG_COMPILER_GENERATE_SWIFT_ASSET_SYMBOL_EXTENSIONS = YES;
				CLANG_ANALYZER_NONNULL = YES;
				CLANG_ANALYZER_NUMBER_OBJECT_CONVERSION = YES_AGGRESSIVE;
				CLANG_CXX_LANGUAGE_STANDARD = "gnu++20";
				CLANG_ENABLE_MODULES = YES;
				CLANG_ENABLE_OBJC_ARC = YES;
				CLANG_ENABLE_OBJC_WEAK = YES;
				CLANG_WARN_BLOCK_CAPTURE_AUTORELEASING = YES;
				CLANG_WARN_BOOL_CONVERSION = YES;
				CLANG_WARN_COMMA = YES;
				CLANG_WARN_CONSTANT_CONVERSION = YES;
				CLANG_WARN_DEPRECATED_OBJC_IMPLEMENTATIONS = YES;
				CLANG_WARN_DIRECT_OBJC_ISA_USAGE = YES_ERROR;
				CLANG_WARN_DOCUMENTATION_COMMENTS = YES;
				CLANG_WARN_EMPTY_BODY = YES;
				CLANG_WARN_ENUM_CONVERSION = YES;
				CLANG_WARN_INFINITE_RECURSION = YES;
				CLANG_WARN_INT_CONVERSION = YES;
				CLANG_WARN_NON_LITERAL_NULL_CONVERSION = YES;
				CLANG_WARN_OBJC_IMPLICIT_RETAIN_SELF = YES;
				CLANG_WARN_OBJC_LITERAL_CONVERSION = YES;
				CLANG_WARN_OBJC_ROOT_CLASS = YES_ERROR;
				CLANG_WARN_QUOTED_INCLUDE_IN_FRAMEWORK_HEADER = YES;
				CLANG_WARN_RANGE_LOOP_ANALYSIS = YES;
				CLANG_WARN_STRICT_PROTOTYPES = YES;
				CLANG_WARN_SUSPICIOUS_MOVE = YES;
				CLANG_WARN_UNGUARDED_AVAILABILITY = YES_AGGRESSIVE;
				CLANG_WARN_UNREACHABLE_CODE = YES;
				CLANG_WARN__DUPLICATE_METHOD_MATCH = YES;
				COPY_PHASE_STRIP = NO;
				DEBUG_INFORMATION_FORMAT = "dwarf-with-dsym";
				ENABLE_NS_ASSERTIONS = NO;
				ENABLE_STRICT_OBJC_MSGSEND = YES;
				ENABLE_USER_SCRIPT_SANDBOXING = YES;
				GCC_C_LANGUAGE_STANDARD = gnu17;
				GCC_NO_COMMON_BLOCKS = YES;
				GCC_WARN_64_TO_32_BIT_CONVERSION = YES;
				GCC_WARN_ABOUT_RETURN_TYPE = YES_ERROR;
				GCC_WARN_UNDECLARED_SELECTOR = YES;
				GCC_WARN_UNINITIALIZED_AUTOS = YES_AGGRESSIVE;
				GCC_WARN_UNUSED_FUNCTION = YES;
				GCC_WARN_UNUSED_VARIABLE = YES;
				IPHONEOS_DEPLOYMENT_TARGET = 17.0;
				LOCALIZATION_PREFERS_STRING_CATALOGS = YES;
				MTL_ENABLE_DEBUG_INFO = NO;
				MTL_FAST_MATH = YES;
				SDKROOT = iphoneos;
				SWIFT_COMPILATION_MODE = wholemodule;
				VALIDATE_PRODUCT = YES;
			};
			name = Release;
		};
		78817E522C09CA9D0014A662 /* Debug */ = {
			isa = XCBuildConfiguration;
			buildSettings = {
				ASSETCATALOG_COMPILER_APPICON_NAME = AppIcon;
				ASSETCATALOG_COMPILER_GLOBAL_ACCENT_COLOR_NAME = AccentColor;
				CODE_SIGN_STYLE = Automatic;
				CURRENT_PROJECT_VERSION = 1;
				DEVELOPMENT_TEAM = 9A26P3RMBN;
				GENERATE_INFOPLIST_FILE = YES;
				INFOPLIST_FILE = LocationTrackerCase/Info.plist;
				INFOPLIST_KEY_NSLocationAlwaysAndWhenInUseUsageDescription = "This app wants to permission for tracking";
				INFOPLIST_KEY_UIApplicationSupportsIndirectInputEvents = YES;
				INFOPLIST_KEY_UILaunchStoryboardName = LaunchScreen;
				INFOPLIST_KEY_UIMainStoryboardFile = "";
				INFOPLIST_KEY_UISupportedInterfaceOrientations_iPad = "UIInterfaceOrientationPortrait UIInterfaceOrientationPortraitUpsideDown UIInterfaceOrientationLandscapeLeft UIInterfaceOrientationLandscapeRight";
				INFOPLIST_KEY_UISupportedInterfaceOrientations_iPhone = "UIInterfaceOrientationPortrait UIInterfaceOrientationLandscapeLeft UIInterfaceOrientationLandscapeRight";
				IPHONEOS_DEPLOYMENT_TARGET = 12.0;
				LD_RUNPATH_SEARCH_PATHS = (
					"$(inherited)",
					"@executable_path/Frameworks",
				);
				MARKETING_VERSION = 1.0;
				PRODUCT_BUNDLE_IDENTIFIER = com.winlentia.LocationTrackerCase;
				PRODUCT_NAME = "$(TARGET_NAME)";
				SWIFT_EMIT_LOC_STRINGS = YES;
				SWIFT_VERSION = 5.0;
				TARGETED_DEVICE_FAMILY = "1,2";
			};
			name = Debug;
		};
		78817E532C09CA9D0014A662 /* Release */ = {
			isa = XCBuildConfiguration;
			buildSettings = {
				ASSETCATALOG_COMPILER_APPICON_NAME = AppIcon;
				ASSETCATALOG_COMPILER_GLOBAL_ACCENT_COLOR_NAME = AccentColor;
				CODE_SIGN_STYLE = Automatic;
				CURRENT_PROJECT_VERSION = 1;
				DEVELOPMENT_TEAM = 9A26P3RMBN;
				GENERATE_INFOPLIST_FILE = YES;
				INFOPLIST_FILE = LocationTrackerCase/Info.plist;
				INFOPLIST_KEY_NSLocationAlwaysAndWhenInUseUsageDescription = "This app wants to permission for tracking";
				INFOPLIST_KEY_UIApplicationSupportsIndirectInputEvents = YES;
				INFOPLIST_KEY_UILaunchStoryboardName = LaunchScreen;
				INFOPLIST_KEY_UIMainStoryboardFile = "";
				INFOPLIST_KEY_UISupportedInterfaceOrientations_iPad = "UIInterfaceOrientationPortrait UIInterfaceOrientationPortraitUpsideDown UIInterfaceOrientationLandscapeLeft UIInterfaceOrientationLandscapeRight";
				INFOPLIST_KEY_UISupportedInterfaceOrientations_iPhone = "UIInterfaceOrientationPortrait UIInterfaceOrientationLandscapeLeft UIInterfaceOrientationLandscapeRight";
				IPHONEOS_DEPLOYMENT_TARGET = 12.0;
				LD_RUNPATH_SEARCH_PATHS = (
					"$(inherited)",
					"@executable_path/Frameworks",
				);
				MARKETING_VERSION = 1.0;
				PRODUCT_BUNDLE_IDENTIFIER = com.winlentia.LocationTrackerCase;
				PRODUCT_NAME = "$(TARGET_NAME)";
				SWIFT_EMIT_LOC_STRINGS = YES;
				SWIFT_VERSION = 5.0;
				TARGETED_DEVICE_FAMILY = "1,2";
			};
			name = Release;
		};
/* End XCBuildConfiguration section */

/* Begin XCConfigurationList section */
		78817E382C09CA9C0014A662 /* Build configuration list for PBXProject "LocationTrackerCase" */ = {
			isa = XCConfigurationList;
			buildConfigurations = (
				78817E4F2C09CA9D0014A662 /* Debug */,
				78817E502C09CA9D0014A662 /* Release */,
			);
			defaultConfigurationIsVisible = 0;
			defaultConfigurationName = Release;
		};
		78817E512C09CA9D0014A662 /* Build configuration list for PBXNativeTarget "LocationTrackerCase" */ = {
			isa = XCConfigurationList;
			buildConfigurations = (
				78817E522C09CA9D0014A662 /* Debug */,
				78817E532C09CA9D0014A662 /* Release */,
			);
			defaultConfigurationIsVisible = 0;
			defaultConfigurationName = Release;
		};
/* End XCConfigurationList section */

/* Begin XCRemoteSwiftPackageReference section */
		78817E592C09CD5E0014A662 /* XCRemoteSwiftPackageReference "SnapKit" */ = {
			isa = XCRemoteSwiftPackageReference;
			repositoryURL = "https://github.com/SnapKit/SnapKit";
			requirement = {
				kind = upToNextMajorVersion;
				minimumVersion = 5.7.1;
			};
		};
/* End XCRemoteSwiftPackageReference section */

/* Begin XCSwiftPackageProductDependency section */
		78817E5A2C09CD5E0014A662 /* SnapKit */ = {
			isa = XCSwiftPackageProductDependency;
			package = 78817E592C09CD5E0014A662 /* XCRemoteSwiftPackageReference "SnapKit" */;
			productName = SnapKit;
		};
/* End XCSwiftPackageProductDependency section */

/* Begin XCVersionGroup section */
		78CA8AC72C0A31B3004D2169 /* LocationModel.xcdatamodeld */ = {
			isa = XCVersionGroup;
			children = (
				78CA8AC82C0A31B3004D2169 /* LocationModel.xcdatamodel */,
			);
			currentVersion = 78CA8AC82C0A31B3004D2169 /* LocationModel.xcdatamodel */;
			name = LocationModel.xcdatamodeld;
			path = /Users/winlentia/Documents/projects/xcode/LocationTrackerCase/LocationTrackerCase/LocationModel.xcdatamodeld;
			sourceTree = "<group>";
			versionGroupType = wrapper.xcdatamodel;
		};
/* End XCVersionGroup section */
	};
	rootObject = 78817E352C09CA9C0014A662 /* Project object */;
}
